
Microsoft Visual Studio Solution File, Format Version 12.00
# Visual Studio Version 16
VisualStudioVersion = 16.0.34601.136
MinimumVisualStudioVersion = 10.0.40219.1
Project("{FAE04EC0-301F-11D3-BF4B-00C04F79EFBC}") = "Coding Test Basic_Main", "Coding Test Basic_Main\Coding Test Basic_Main.csproj", "{6631311D-AD24-4694-A2F1-8A46C363AAB8}"
EndProject
Project("{FAE04EC0-301F-11D3-BF4B-00C04F79EFBC}") = "Coding Test Basic_Main2", "Coding Test Basic_Main2\Coding Test Basic_Main2.csproj", "{30708E37-45B1-470F-9721-89F320BC890B}"
EndProject
Project("{FAE04EC0-301F-11D3-BF4B-00C04F79EFBC}") = "Algorithm Study", "Algorithm Study\Algorithm Study.csproj", "{1A4CF8DB-68F5-4D8E-9D74-4C285AE7431B}"
EndProject
Global
	GlobalSection(SolutionConfigurationPlatforms) = preSolution
		Debug|Any CPU = Debug|Any CPU
		Release|Any CPU = Release|Any CPU
	EndGlobalSection
	GlobalSection(ProjectConfigurationPlatforms) = postSolution
		{6631311D-AD24-4694-A2F1-8A46C363AAB8}.Debug|Any CPU.ActiveCfg = Debug|Any CPU
		{6631311D-AD24-4694-A2F1-8A46C363AAB8}.Debug|Any CPU.Build.0 = Debug|Any CPU
		{6631311D-AD24-4694-A2F1-8A46C363AAB8}.Release|Any CPU.ActiveCfg = Release|Any CPU
		{6631311D-AD24-4694-A2F1-8A46C363AAB8}.Release|Any CPU.Build.0 = Release|Any CPU
		{30708E37-45B1-470F-9721-89F320BC890B}.Debug|Any CPU.ActiveCfg = Debug|Any CPU
		{30708E37-45B1-470F-9721-89F320BC890B}.Debug|Any CPU.Build.0 = Debug|Any CPU
		{30708E37-45B1-470F-9721-89F320BC890B}.Release|Any CPU.ActiveCfg = Release|Any CPU
		{30708E37-45B1-470F-9721-89F320BC890B}.Release|Any CPU.Build.0 = Release|Any CPU
		{1A4CF8DB-68F5-4D8E-9D74-4C285AE7431B}.Debug|Any CPU.ActiveCfg = Debug|Any CPU
		{1A4CF8DB-68F5-4D8E-9D74-4C285AE7431B}.Debug|Any CPU.Build.0 = Debug|Any CPU
		{1A4CF8DB-68F5-4D8E-9D74-4C285AE7431B}.Release|Any CPU.ActiveCfg = Release|Any CPU
		{1A4CF8DB-68F5-4D8E-9D74-4C285AE7431B}.Release|Any CPU.Build.0 = Release|Any CPU
	EndGlobalSection
	GlobalSection(SolutionProperties) = preSolution
		HideSolutionNode = FALSE
	EndGlobalSection
	GlobalSection(ExtensibilityGlobals) = postSolution
		SolutionGuid = {D8E8FB7C-7E0D-4565-AA0C-C77F2A88BC04}
	EndGlobalSection
EndGlobal
